
Microsoft Visual Studio Solution File, Format Version 12.00
# Visual Studio Version 17
VisualStudioVersion = 17.13.35825.156
MinimumVisualStudioVersion = 10.0.40219.1
Project("{2150E333-8FDC-42A3-9474-1A3956D46DE8}") = "src", "src", "{02EA681E-C7D8-13C7-8484-4AC65E1B71E8}"
EndProject
Project("{2150E333-8FDC-42A3-9474-1A3956D46DE8}") = "ChatSystem", "ChatSystem", "{38C5F1F6-43A4-4CC5-B9DF-484960BA2719}"
EndProject
Project("{FAE04EC0-301F-11D3-BF4B-00C04F79EFBC}") = "chatSystem_api", "chatSystem_api\chatSystem_api.csproj", "{D499CAF9-37CC-40FA-B2D9-6904B1B5D14D}"
EndProject
Project("{FAE04EC0-301F-11D3-BF4B-00C04F79EFBC}") = "ChatSystem_Domain", "src\ChatSystem\ChatSystem_Domain\ChatSystem_Domain.csproj", "{4B7E2D65-4666-41A0-9D5F-01F50D881D99}"
EndProject
Project("{FAE04EC0-301F-11D3-BF4B-00C04F79EFBC}") = "ChatSystem_Application", "src\ChatSystem\ChatSystem_Application\ChatSystem_Application.csproj", "{4DD2089A-63E8-4BAE-A332-52A43CBB2337}"
EndProject
Project("{FAE04EC0-301F-11D3-BF4B-00C04F79EFBC}") = "ChatSystem_persistence", "src\ChatSystem\ChatSystem_persistence\ChatSystem_persistence.csproj", "{285D1CD2-0880-42C6-A343-32054322DE0E}"
EndProject
Project("{2150E333-8FDC-42A3-9474-1A3956D46DE8}") = "Event-Driven", "Event-Driven", "{4B6EEE9C-C4BC-4481-BEF1-8EF038181D72}"
EndProject
Project("{FAE04EC0-301F-11D3-BF4B-00C04F79EFBC}") = "RabbitMQEventBus", "Event-Driven\RabbitMQEventBus\RabbitMQEventBus.csproj", "{23528585-2C98-4E9E-9354-820198CF33F2}"
EndProject
Project("{2150E333-8FDC-42A3-9474-1A3956D46DE8}") = "AnalysEmoChat", "AnalysEmoChat", "{EEA6867B-F45C-41FD-882A-E619DA79D34C}"
EndProject
Project("{FAE04EC0-301F-11D3-BF4B-00C04F79EFBC}") = "Analys.api", "src\AnalysEmoChat\Analys.api\Analys.api.csproj", "{F61DE42A-B783-4B4F-8708-7A907FFC7D21}"
EndProject
Project("{E53339B2-1760-4266-BCC7-CA923CBCF16C}") = "docker-compose", "docker-compose.dcproj", "{81DDED9D-158B-E303-5F62-77A2896D2A5A}"
EndProject
Global
	GlobalSection(SolutionConfigurationPlatforms) = preSolution
		Debug|Any CPU = Debug|Any CPU
		Release|Any CPU = Release|Any CPU
	EndGlobalSection
	GlobalSection(ProjectConfigurationPlatforms) = postSolution
		{D499CAF9-37CC-40FA-B2D9-6904B1B5D14D}.Debug|Any CPU.ActiveCfg = Debug|Any CPU
		{D499CAF9-37CC-40FA-B2D9-6904B1B5D14D}.Debug|Any CPU.Build.0 = Debug|Any CPU
		{D499CAF9-37CC-40FA-B2D9-6904B1B5D14D}.Release|Any CPU.ActiveCfg = Release|Any CPU
		{D499CAF9-37CC-40FA-B2D9-6904B1B5D14D}.Release|Any CPU.Build.0 = Release|Any CPU
		{4B7E2D65-4666-41A0-9D5F-01F50D881D99}.Debug|Any CPU.ActiveCfg = Debug|Any CPU
		{4B7E2D65-4666-41A0-9D5F-01F50D881D99}.Debug|Any CPU.Build.0 = Debug|Any CPU
		{4B7E2D65-4666-41A0-9D5F-01F50D881D99}.Release|Any CPU.ActiveCfg = Release|Any CPU
		{4B7E2D65-4666-41A0-9D5F-01F50D881D99}.Release|Any CPU.Build.0 = Release|Any CPU
		{4DD2089A-63E8-4BAE-A332-52A43CBB2337}.Debug|Any CPU.ActiveCfg = Debug|Any CPU
		{4DD2089A-63E8-4BAE-A332-52A43CBB2337}.Debug|Any CPU.Build.0 = Debug|Any CPU
		{4DD2089A-63E8-4BAE-A332-52A43CBB2337}.Release|Any CPU.ActiveCfg = Release|Any CPU
		{4DD2089A-63E8-4BAE-A332-52A43CBB2337}.Release|Any CPU.Build.0 = Release|Any CPU
		{285D1CD2-0880-42C6-A343-32054322DE0E}.Debug|Any CPU.ActiveCfg = Debug|Any CPU
		{285D1CD2-0880-42C6-A343-32054322DE0E}.Debug|Any CPU.Build.0 = Debug|Any CPU
		{285D1CD2-0880-42C6-A343-32054322DE0E}.Release|Any CPU.ActiveCfg = Release|Any CPU
		{285D1CD2-0880-42C6-A343-32054322DE0E}.Release|Any CPU.Build.0 = Release|Any CPU
		{23528585-2C98-4E9E-9354-820198CF33F2}.Debug|Any CPU.ActiveCfg = Debug|Any CPU
		{23528585-2C98-4E9E-9354-820198CF33F2}.Debug|Any CPU.Build.0 = Debug|Any CPU
		{23528585-2C98-4E9E-9354-820198CF33F2}.Release|Any CPU.ActiveCfg = Release|Any CPU
		{23528585-2C98-4E9E-9354-820198CF33F2}.Release|Any CPU.Build.0 = Release|Any CPU
		{F61DE42A-B783-4B4F-8708-7A907FFC7D21}.Debug|Any CPU.ActiveCfg = Debug|Any CPU
		{F61DE42A-B783-4B4F-8708-7A907FFC7D21}.Debug|Any CPU.Build.0 = Debug|Any CPU
		{F61DE42A-B783-4B4F-8708-7A907FFC7D21}.Release|Any CPU.ActiveCfg = Release|Any CPU
		{F61DE42A-B783-4B4F-8708-7A907FFC7D21}.Release|Any CPU.Build.0 = Release|Any CPU
		{81DDED9D-158B-E303-5F62-77A2896D2A5A}.Debug|Any CPU.ActiveCfg = Debug|Any CPU
		{81DDED9D-158B-E303-5F62-77A2896D2A5A}.Debug|Any CPU.Build.0 = Debug|Any CPU
		{81DDED9D-158B-E303-5F62-77A2896D2A5A}.Release|Any CPU.ActiveCfg = Release|Any CPU
		{81DDED9D-158B-E303-5F62-77A2896D2A5A}.Release|Any CPU.Build.0 = Release|Any CPU
	EndGlobalSection
	GlobalSection(SolutionProperties) = preSolution
		HideSolutionNode = FALSE
	EndGlobalSection
	GlobalSection(NestedProjects) = preSolution
		{38C5F1F6-43A4-4CC5-B9DF-484960BA2719} = {02EA681E-C7D8-13C7-8484-4AC65E1B71E8}
		{D499CAF9-37CC-40FA-B2D9-6904B1B5D14D} = {38C5F1F6-43A4-4CC5-B9DF-484960BA2719}
		{4B7E2D65-4666-41A0-9D5F-01F50D881D99} = {38C5F1F6-43A4-4CC5-B9DF-484960BA2719}
		{4DD2089A-63E8-4BAE-A332-52A43CBB2337} = {38C5F1F6-43A4-4CC5-B9DF-484960BA2719}
		{285D1CD2-0880-42C6-A343-32054322DE0E} = {38C5F1F6-43A4-4CC5-B9DF-484960BA2719}
		{23528585-2C98-4E9E-9354-820198CF33F2} = {4B6EEE9C-C4BC-4481-BEF1-8EF038181D72}
		{EEA6867B-F45C-41FD-882A-E619DA79D34C} = {02EA681E-C7D8-13C7-8484-4AC65E1B71E8}
		{F61DE42A-B783-4B4F-8708-7A907FFC7D21} = {EEA6867B-F45C-41FD-882A-E619DA79D34C}
	EndGlobalSection
	GlobalSection(ExtensibilityGlobals) = postSolution
		SolutionGuid = {13B82580-BB45-41AD-9A7D-61D5F3E38B70}
	EndGlobalSection
EndGlobal
